
Microsoft Visual Studio Solution File, Format Version 12.00
# Visual Studio Version 16
VisualStudioVersion = 16.0.31729.503
MinimumVisualStudioVersion = 10.0.40219.1
Project("{FAE04EC0-301F-11D3-BF4B-00C04F79EFBC}") = "Reservoom_MVVM", "Reservoom_MVVM\Reservoom_MVVM.csproj", "{29EE3293-EDDF-4EAC-818C-96C632649B60}"
EndProject
Global
	GlobalSection(SolutionConfigurationPlatforms) = preSolution
		Debug|Any CPU = Debug|Any CPU
		Release|Any CPU = Release|Any CPU
	EndGlobalSection
	GlobalSection(ProjectConfigurationPlatforms) = postSolution
		{29EE3293-EDDF-4EAC-818C-96C632649B60}.Debug|Any CPU.ActiveCfg = Debug|Any CPU
		{29EE3293-EDDF-4EAC-818C-96C632649B60}.Debug|Any CPU.Build.0 = Debug|Any CPU
		{29EE3293-EDDF-4EAC-818C-96C632649B60}.Release|Any CPU.ActiveCfg = Release|Any CPU
		{29EE3293-EDDF-4EAC-818C-96C632649B60}.Release|Any CPU.Build.0 = Release|Any CPU
	EndGlobalSection
	GlobalSection(SolutionProperties) = preSolution
		HideSolutionNode = FALSE
	EndGlobalSection
	GlobalSection(ExtensibilityGlobals) = postSolution
		SolutionGuid = {3CA3CA64-0B27-46FE-A56D-1630B0D3AE1B}
	EndGlobalSection
EndGlobal
